
Microsoft Visual Studio Solution File, Format Version 12.00
# Visual Studio 15
VisualStudioVersion = 15.0.26124.0
MinimumVisualStudioVersion = 15.0.26124.0
Project("{FAE04EC0-301F-11D3-BF4B-00C04F79EFBC}") = "AppDDDProject.Domain", "AppDDDProject.Domain\AppDDDProject.Domain.csproj", "{0B5DB446-C865-42CE-91B7-99CB6BC12F2D}"
EndProject
Project("{FAE04EC0-301F-11D3-BF4B-00C04F79EFBC}") = "AppDDDProject.Infra", "AppDDDProject.Infra\AppDDDProject.Infra.csproj", "{F8BF6F2B-84B1-4AE5-8F6B-3DB62AA2C90C}"
EndProject
Project("{FAE04EC0-301F-11D3-BF4B-00C04F79EFBC}") = "AppDDDProject.Shared", "AppDDDProject.Shared\AppDDDProject.Shared.csproj", "{92E2E169-633E-4B35-9F60-A140B7432FFE}"
EndProject
Project("{FAE04EC0-301F-11D3-BF4B-00C04F79EFBC}") = "AppDDDProject.Tests", "AppDDDProject.Tests\AppDDDProject.Tests.csproj", "{F5507601-8B5C-464E-8BCD-94651E9538C1}"
EndProject
Project("{FAE04EC0-301F-11D3-BF4B-00C04F79EFBC}") = "AppDDDProject.AppMvc", "AppDDDProject.AppMvc\AppDDDProject.AppMvc.csproj", "{AACEB853-0EAB-4C43-A38F-680B9890990A}"
EndProject
Global
	GlobalSection(SolutionConfigurationPlatforms) = preSolution
		Debug|Any CPU = Debug|Any CPU
		Debug|x64 = Debug|x64
		Debug|x86 = Debug|x86
		Release|Any CPU = Release|Any CPU
		Release|x64 = Release|x64
		Release|x86 = Release|x86
	EndGlobalSection
	GlobalSection(SolutionProperties) = preSolution
		HideSolutionNode = FALSE
	EndGlobalSection
	GlobalSection(ProjectConfigurationPlatforms) = postSolution
		{0B5DB446-C865-42CE-91B7-99CB6BC12F2D}.Debug|Any CPU.ActiveCfg = Debug|Any CPU
		{0B5DB446-C865-42CE-91B7-99CB6BC12F2D}.Debug|Any CPU.Build.0 = Debug|Any CPU
		{0B5DB446-C865-42CE-91B7-99CB6BC12F2D}.Debug|x64.ActiveCfg = Debug|Any CPU
		{0B5DB446-C865-42CE-91B7-99CB6BC12F2D}.Debug|x64.Build.0 = Debug|Any CPU
		{0B5DB446-C865-42CE-91B7-99CB6BC12F2D}.Debug|x86.ActiveCfg = Debug|Any CPU
		{0B5DB446-C865-42CE-91B7-99CB6BC12F2D}.Debug|x86.Build.0 = Debug|Any CPU
		{0B5DB446-C865-42CE-91B7-99CB6BC12F2D}.Release|Any CPU.ActiveCfg = Release|Any CPU
		{0B5DB446-C865-42CE-91B7-99CB6BC12F2D}.Release|Any CPU.Build.0 = Release|Any CPU
		{0B5DB446-C865-42CE-91B7-99CB6BC12F2D}.Release|x64.ActiveCfg = Release|Any CPU
		{0B5DB446-C865-42CE-91B7-99CB6BC12F2D}.Release|x64.Build.0 = Release|Any CPU
		{0B5DB446-C865-42CE-91B7-99CB6BC12F2D}.Release|x86.ActiveCfg = Release|Any CPU
		{0B5DB446-C865-42CE-91B7-99CB6BC12F2D}.Release|x86.Build.0 = Release|Any CPU
		{ADC99750-51CD-4088-81EA-FBA34F991766}.Debug|Any CPU.ActiveCfg = Debug|Any CPU
		{ADC99750-51CD-4088-81EA-FBA34F991766}.Debug|Any CPU.Build.0 = Debug|Any CPU
		{ADC99750-51CD-4088-81EA-FBA34F991766}.Debug|x64.ActiveCfg = Debug|Any CPU
		{ADC99750-51CD-4088-81EA-FBA34F991766}.Debug|x64.Build.0 = Debug|Any CPU
		{ADC99750-51CD-4088-81EA-FBA34F991766}.Debug|x86.ActiveCfg = Debug|Any CPU
		{ADC99750-51CD-4088-81EA-FBA34F991766}.Debug|x86.Build.0 = Debug|Any CPU
		{ADC99750-51CD-4088-81EA-FBA34F991766}.Release|Any CPU.ActiveCfg = Release|Any CPU
		{ADC99750-51CD-4088-81EA-FBA34F991766}.Release|Any CPU.Build.0 = Release|Any CPU
		{ADC99750-51CD-4088-81EA-FBA34F991766}.Release|x64.ActiveCfg = Release|Any CPU
		{ADC99750-51CD-4088-81EA-FBA34F991766}.Release|x64.Build.0 = Release|Any CPU
		{ADC99750-51CD-4088-81EA-FBA34F991766}.Release|x86.ActiveCfg = Release|Any CPU
		{ADC99750-51CD-4088-81EA-FBA34F991766}.Release|x86.Build.0 = Release|Any CPU
		{FB198152-0526-46AF-83C8-9844F86B7EA2}.Debug|Any CPU.ActiveCfg = Debug|Any CPU
		{FB198152-0526-46AF-83C8-9844F86B7EA2}.Debug|Any CPU.Build.0 = Debug|Any CPU
		{FB198152-0526-46AF-83C8-9844F86B7EA2}.Debug|x64.ActiveCfg = Debug|Any CPU
		{FB198152-0526-46AF-83C8-9844F86B7EA2}.Debug|x64.Build.0 = Debug|Any CPU
		{FB198152-0526-46AF-83C8-9844F86B7EA2}.Debug|x86.ActiveCfg = Debug|Any CPU
		{FB198152-0526-46AF-83C8-9844F86B7EA2}.Debug|x86.Build.0 = Debug|Any CPU
		{FB198152-0526-46AF-83C8-9844F86B7EA2}.Release|Any CPU.ActiveCfg = Release|Any CPU
		{FB198152-0526-46AF-83C8-9844F86B7EA2}.Release|Any CPU.Build.0 = Release|Any CPU
		{FB198152-0526-46AF-83C8-9844F86B7EA2}.Release|x64.ActiveCfg = Release|Any CPU
		{FB198152-0526-46AF-83C8-9844F86B7EA2}.Release|x64.Build.0 = Release|Any CPU
		{FB198152-0526-46AF-83C8-9844F86B7EA2}.Release|x86.ActiveCfg = Release|Any CPU
		{FB198152-0526-46AF-83C8-9844F86B7EA2}.Release|x86.Build.0 = Release|Any CPU
		{F8BF6F2B-84B1-4AE5-8F6B-3DB62AA2C90C}.Debug|Any CPU.ActiveCfg = Debug|Any CPU
		{F8BF6F2B-84B1-4AE5-8F6B-3DB62AA2C90C}.Debug|Any CPU.Build.0 = Debug|Any CPU
		{F8BF6F2B-84B1-4AE5-8F6B-3DB62AA2C90C}.Debug|x64.ActiveCfg = Debug|Any CPU
		{F8BF6F2B-84B1-4AE5-8F6B-3DB62AA2C90C}.Debug|x64.Build.0 = Debug|Any CPU
		{F8BF6F2B-84B1-4AE5-8F6B-3DB62AA2C90C}.Debug|x86.ActiveCfg = Debug|Any CPU
		{F8BF6F2B-84B1-4AE5-8F6B-3DB62AA2C90C}.Debug|x86.Build.0 = Debug|Any CPU
		{F8BF6F2B-84B1-4AE5-8F6B-3DB62AA2C90C}.Release|Any CPU.ActiveCfg = Release|Any CPU
		{F8BF6F2B-84B1-4AE5-8F6B-3DB62AA2C90C}.Release|Any CPU.Build.0 = Release|Any CPU
		{F8BF6F2B-84B1-4AE5-8F6B-3DB62AA2C90C}.Release|x64.ActiveCfg = Release|Any CPU
		{F8BF6F2B-84B1-4AE5-8F6B-3DB62AA2C90C}.Release|x64.Build.0 = Release|Any CPU
		{F8BF6F2B-84B1-4AE5-8F6B-3DB62AA2C90C}.Release|x86.ActiveCfg = Release|Any CPU
		{F8BF6F2B-84B1-4AE5-8F6B-3DB62AA2C90C}.Release|x86.Build.0 = Release|Any CPU
		{92E2E169-633E-4B35-9F60-A140B7432FFE}.Debug|Any CPU.ActiveCfg = Debug|Any CPU
		{92E2E169-633E-4B35-9F60-A140B7432FFE}.Debug|Any CPU.Build.0 = Debug|Any CPU
		{92E2E169-633E-4B35-9F60-A140B7432FFE}.Debug|x64.ActiveCfg = Debug|Any CPU
		{92E2E169-633E-4B35-9F60-A140B7432FFE}.Debug|x64.Build.0 = Debug|Any CPU
		{92E2E169-633E-4B35-9F60-A140B7432FFE}.Debug|x86.ActiveCfg = Debug|Any CPU
		{92E2E169-633E-4B35-9F60-A140B7432FFE}.Debug|x86.Build.0 = Debug|Any CPU
		{92E2E169-633E-4B35-9F60-A140B7432FFE}.Release|Any CPU.ActiveCfg = Release|Any CPU
		{92E2E169-633E-4B35-9F60-A140B7432FFE}.Release|Any CPU.Build.0 = Release|Any CPU
		{92E2E169-633E-4B35-9F60-A140B7432FFE}.Release|x64.ActiveCfg = Release|Any CPU
		{92E2E169-633E-4B35-9F60-A140B7432FFE}.Release|x64.Build.0 = Release|Any CPU
		{92E2E169-633E-4B35-9F60-A140B7432FFE}.Release|x86.ActiveCfg = Release|Any CPU
		{92E2E169-633E-4B35-9F60-A140B7432FFE}.Release|x86.Build.0 = Release|Any CPU
		{F5507601-8B5C-464E-8BCD-94651E9538C1}.Debug|Any CPU.ActiveCfg = Debug|Any CPU
		{F5507601-8B5C-464E-8BCD-94651E9538C1}.Debug|Any CPU.Build.0 = Debug|Any CPU
		{F5507601-8B5C-464E-8BCD-94651E9538C1}.Debug|x64.ActiveCfg = Debug|Any CPU
		{F5507601-8B5C-464E-8BCD-94651E9538C1}.Debug|x64.Build.0 = Debug|Any CPU
		{F5507601-8B5C-464E-8BCD-94651E9538C1}.Debug|x86.ActiveCfg = Debug|Any CPU
		{F5507601-8B5C-464E-8BCD-94651E9538C1}.Debug|x86.Build.0 = Debug|Any CPU
		{F5507601-8B5C-464E-8BCD-94651E9538C1}.Release|Any CPU.ActiveCfg = Release|Any CPU
		{F5507601-8B5C-464E-8BCD-94651E9538C1}.Release|Any CPU.Build.0 = Release|Any CPU
		{F5507601-8B5C-464E-8BCD-94651E9538C1}.Release|x64.ActiveCfg = Release|Any CPU
		{F5507601-8B5C-464E-8BCD-94651E9538C1}.Release|x64.Build.0 = Release|Any CPU
		{F5507601-8B5C-464E-8BCD-94651E9538C1}.Release|x86.ActiveCfg = Release|Any CPU
		{F5507601-8B5C-464E-8BCD-94651E9538C1}.Release|x86.Build.0 = Release|Any CPU
		{C609D307-2CD8-4B87-B1E3-CC66FEC9221F}.Debug|Any CPU.ActiveCfg = Debug|Any CPU
		{C609D307-2CD8-4B87-B1E3-CC66FEC9221F}.Debug|Any CPU.Build.0 = Debug|Any CPU
		{C609D307-2CD8-4B87-B1E3-CC66FEC9221F}.Debug|x64.ActiveCfg = Debug|Any CPU
		{C609D307-2CD8-4B87-B1E3-CC66FEC9221F}.Debug|x64.Build.0 = Debug|Any CPU
		{C609D307-2CD8-4B87-B1E3-CC66FEC9221F}.Debug|x86.ActiveCfg = Debug|Any CPU
		{C609D307-2CD8-4B87-B1E3-CC66FEC9221F}.Debug|x86.Build.0 = Debug|Any CPU
		{C609D307-2CD8-4B87-B1E3-CC66FEC9221F}.Release|Any CPU.ActiveCfg = Release|Any CPU
		{C609D307-2CD8-4B87-B1E3-CC66FEC9221F}.Release|Any CPU.Build.0 = Release|Any CPU
		{C609D307-2CD8-4B87-B1E3-CC66FEC9221F}.Release|x64.ActiveCfg = Release|Any CPU
		{C609D307-2CD8-4B87-B1E3-CC66FEC9221F}.Release|x64.Build.0 = Release|Any CPU
		{C609D307-2CD8-4B87-B1E3-CC66FEC9221F}.Release|x86.ActiveCfg = Release|Any CPU
		{C609D307-2CD8-4B87-B1E3-CC66FEC9221F}.Release|x86.Build.0 = Release|Any CPU
		{AACEB853-0EAB-4C43-A38F-680B9890990A}.Debug|Any CPU.ActiveCfg = Debug|Any CPU
		{AACEB853-0EAB-4C43-A38F-680B9890990A}.Debug|Any CPU.Build.0 = Debug|Any CPU
		{AACEB853-0EAB-4C43-A38F-680B9890990A}.Debug|x64.ActiveCfg = Debug|Any CPU
		{AACEB853-0EAB-4C43-A38F-680B9890990A}.Debug|x64.Build.0 = Debug|Any CPU
		{AACEB853-0EAB-4C43-A38F-680B9890990A}.Debug|x86.ActiveCfg = Debug|Any CPU
		{AACEB853-0EAB-4C43-A38F-680B9890990A}.Debug|x86.Build.0 = Debug|Any CPU
		{AACEB853-0EAB-4C43-A38F-680B9890990A}.Release|Any CPU.ActiveCfg = Release|Any CPU
		{AACEB853-0EAB-4C43-A38F-680B9890990A}.Release|Any CPU.Build.0 = Release|Any CPU
		{AACEB853-0EAB-4C43-A38F-680B9890990A}.Release|x64.ActiveCfg = Release|Any CPU
		{AACEB853-0EAB-4C43-A38F-680B9890990A}.Release|x64.Build.0 = Release|Any CPU
		{AACEB853-0EAB-4C43-A38F-680B9890990A}.Release|x86.ActiveCfg = Release|Any CPU
		{AACEB853-0EAB-4C43-A38F-680B9890990A}.Release|x86.Build.0 = Release|Any CPU
	EndGlobalSection
EndGlobal
